{
  "originHash" : "f5e0b0b888ce1f70e6dcc7df34d5878b0abd2d9a5d22efcfc480d9e438cc8dca",
  "pins" : [
    {
      "identity" : "alamofire",
      "kind" : "remoteSourceControl",
      "location" : "https://github.com/Alamofire/Alamofire.git",
      "state" : {
        "revision" : "e16d3481f5ed35f0472cb93350085853d754913f",
        "version" : "5.10.1"
      }
    },
    {
      "identity" : "kakao-ios-sdk",
      "kind" : "remoteSourceControl",
      "location" : "https://github.com/kakao/kakao-ios-sdk",
      "state" : {
        "branch" : "master",
        "revision" : "ab4309c1950550add307046ad1e08024c7514603"
      }
    },
    {
      "identity" : "roboflow-swift",
      "kind" : "remoteSourceControl",
      "location" : "https://github.com/roboflow/roboflow-swift",
      "state" : {
        "revision" : "a5a5b5b09eb290d5710f259aa6fd9d02b6f43952",
        "version" : "1.1.19"
      }
    }
  ],
  "version" : 3
}
